// !$*UTF8*$!
{
	archiveVersion = 1;
	classes = {};
	objectVersion = 77;
	objects = {

/* Begin PBXBuildFile section */
		100000000000000000000001 /* RARExtractorApp.swift in Sources */ = {isa = PBXBuildFile; fileRef = 200000000000000000000001 /* RARExtractorApp.swift */; };
		100000000000000000000002 /* ContentView.swift in Sources */ = {isa = PBXBuildFile; fileRef = 200000000000000000000002 /* ContentView.swift */; };
		100000000000000000000003 /* ArchiveController.swift in Sources */ = {isa = PBXBuildFile; fileRef = 200000000000000000000003 /* ArchiveController.swift */; };
		100000000000000000000004 /* ArchiveWorkerProtocol.swift in App Sources */ = {isa = PBXBuildFile; fileRef = 200000000000000000000004 /* ArchiveWorkerProtocol.swift */; };
		100000000000000000000005 /* main.swift in Sources */ = {isa = PBXBuildFile; fileRef = 200000000000000000000005 /* main.swift */; };
		100000000000000000000006 /* ArchiveWorker.swift in Sources */ = {isa = PBXBuildFile; fileRef = 200000000000000000000006 /* ArchiveWorker.swift */; };
		100000000000000000000007 /* ArchiveWorkerProtocol.swift in Worker Sources */ = {isa = PBXBuildFile; fileRef = 200000000000000000000004 /* ArchiveWorkerProtocol.swift */; };
		100000000000000000000008 /* rar_bridge.cpp in Sources */ = {isa = PBXBuildFile; fileRef = 200000000000000000000008 /* rar_bridge.cpp */; };
		100000000000000000000009 /* libunrar.a in Frameworks */ = {isa = PBXBuildFile; fileRef = 20000000000000000000000A /* libunrar.a */; };
		10000000000000000000000A /* ArchiveWorker.xpc in Embed XPC Services */ = {isa = PBXBuildFile; fileRef = 20000000000000000000000C /* ArchiveWorker.xpc */; settings = {ATTRIBUTES = (CodeSignOnCopy, RemoveHeadersOnCopy, ); }; };
		10000000000000000000000B /* license.txt in Resources */ = {isa = PBXBuildFile; fileRef = 20000000000000000000000B /* license.txt */; };
		10000000000000000000000C /* ActionViewController.swift in Sources */ = {isa = PBXBuildFile; fileRef = 200000000000000000000012 /* ActionViewController.swift */; };
		10000000000000000000000D /* ArchiveWorkerProtocol.swift in Action Sources */ = {isa = PBXBuildFile; fileRef = 200000000000000000000004 /* ArchiveWorkerProtocol.swift */; };
		10000000000000000000000E /* Localizable.xcstrings in App Resources */ = {isa = PBXBuildFile; fileRef = 200000000000000000000016 /* Localizable.xcstrings */; };
		10000000000000000000000F /* Localizable.xcstrings in Action Resources */ = {isa = PBXBuildFile; fileRef = 200000000000000000000016 /* Localizable.xcstrings */; };
		100000000000000000000010 /* InfoPlist.xcstrings in Action Resources */ = {isa = PBXBuildFile; fileRef = 200000000000000000000017 /* InfoPlist.xcstrings */; };
		100000000000000000000011 /* InfoPlist.xcstrings in App Resources */ = {isa = PBXBuildFile; fileRef = 200000000000000000000018 /* App InfoPlist.xcstrings */; };
		100000000000000000000012 /* Assets.xcassets in Resources */ = {isa = PBXBuildFile; fileRef = 200000000000000000000019 /* Assets.xcassets */; };
		100000000000000000000013 /* Sparkle in Frameworks */ = {isa = PBXBuildFile; productRef = C00000000000000000000002 /* Sparkle */; };
/* End PBXBuildFile section */

/* Begin PBXContainerItemProxy section */
		300000000000000000000001 /* PBXContainerItemProxy */ = {
			isa = PBXContainerItemProxy;
			containerPortal = 400000000000000000000001 /* Project object */;
			proxyType = 1;
			remoteGlobalIDString = 500000000000000000000002;
			remoteInfo = ArchiveWorker;
		};
		300000000000000000000010 /* ExtractRARAction proxy */ = {
			isa = PBXContainerItemProxy;
			containerPortal = 400000000000000000000001 /* Project object */;
			proxyType = 1;
			remoteGlobalIDString = 500000000000000000000003;
			remoteInfo = ExtractRARAction;
		};
		300000000000000000000011 /* ArchiveWorker proxy for Action */ = {
			isa = PBXContainerItemProxy;
			containerPortal = 400000000000000000000001 /* Project object */;
			proxyType = 1;
			remoteGlobalIDString = 500000000000000000000002;
			remoteInfo = ArchiveWorker;
		};
/* End PBXContainerItemProxy section */

/* Begin PBXFileReference section */
		200000000000000000000001 /* RARExtractorApp.swift */ = {isa = PBXFileReference; lastKnownFileType = sourcecode.swift; path = RARExtractorApp.swift; sourceTree = "<group>"; };
		200000000000000000000002 /* ContentView.swift */ = {isa = PBXFileReference; lastKnownFileType = sourcecode.swift; path = ContentView.swift; sourceTree = "<group>"; };
		200000000000000000000003 /* ArchiveController.swift */ = {isa = PBXFileReference; lastKnownFileType = sourcecode.swift; path = ArchiveController.swift; sourceTree = "<group>"; };
		200000000000000000000004 /* ArchiveWorkerProtocol.swift */ = {isa = PBXFileReference; lastKnownFileType = sourcecode.swift; path = ArchiveWorkerProtocol.swift; sourceTree = "<group>"; };
		200000000000000000000005 /* main.swift */ = {isa = PBXFileReference; lastKnownFileType = sourcecode.swift; path = main.swift; sourceTree = "<group>"; };
		200000000000000000000006 /* ArchiveWorker.swift */ = {isa = PBXFileReference; lastKnownFileType = sourcecode.swift; path = ArchiveWorker.swift; sourceTree = "<group>"; };
		200000000000000000000007 /* ArchiveWorker-Bridging-Header.h */ = {isa = PBXFileReference; lastKnownFileType = sourcecode.c.h; path = "ArchiveWorker-Bridging-Header.h"; sourceTree = "<group>"; };
		200000000000000000000008 /* rar_bridge.cpp */ = {isa = PBXFileReference; lastKnownFileType = sourcecode.cpp.cpp; path = rar_bridge.cpp; sourceTree = "<group>"; };
		200000000000000000000009 /* rar_bridge.h */ = {isa = PBXFileReference; lastKnownFileType = sourcecode.c.h; path = rar_bridge.h; sourceTree = "<group>"; };
		20000000000000000000000A /* libunrar.a */ = {isa = PBXFileReference; lastKnownFileType = archive.ar; path = libunrar.a; sourceTree = "<group>"; };
		20000000000000000000000B /* license.txt */ = {isa = PBXFileReference; lastKnownFileType = text; path = license.txt; sourceTree = "<group>"; };
		20000000000000000000000C /* ArchiveWorker.xpc */ = {isa = PBXFileReference; explicitFileType = "wrapper.xpc-service"; includeInIndex = 0; path = ArchiveWorker.xpc; sourceTree = BUILT_PRODUCTS_DIR; };
		20000000000000000000000D /* RARExtractor.app */ = {isa = PBXFileReference; explicitFileType = wrapper.application; includeInIndex = 0; path = RARExtractor.app; sourceTree = BUILT_PRODUCTS_DIR; };
		20000000000000000000000E /* App Info.plist */ = {isa = PBXFileReference; lastKnownFileType = text.plist.xml; path = Info.plist; sourceTree = "<group>"; };
		20000000000000000000000F /* RARApp.entitlements */ = {isa = PBXFileReference; lastKnownFileType = text.plist.entitlements; path = RARApp.entitlements; sourceTree = "<group>"; };
		200000000000000000000010 /* Worker Info.plist */ = {isa = PBXFileReference; lastKnownFileType = text.plist.xml; path = Info.plist; sourceTree = "<group>"; };
		200000000000000000000011 /* ArchiveWorker.entitlements */ = {isa = PBXFileReference; lastKnownFileType = text.plist.entitlements; path = ArchiveWorker.entitlements; sourceTree = "<group>"; };
		200000000000000000000012 /* ActionViewController.swift */ = {isa = PBXFileReference; lastKnownFileType = sourcecode.swift; path = ActionViewController.swift; sourceTree = "<group>"; };
		200000000000000000000013 /* Action Info.plist */ = {isa = PBXFileReference; lastKnownFileType = text.plist.xml; path = Info.plist; sourceTree = "<group>"; };
		200000000000000000000014 /* ExtractRARAction.entitlements */ = {isa = PBXFileReference; lastKnownFileType = text.plist.entitlements; path = ExtractRARAction.entitlements; sourceTree = "<group>"; };
		200000000000000000000015 /* ExtractRARAction.appex */ = {isa = PBXFileReference; explicitFileType = "wrapper.app-extension"; includeInIndex = 0; path = ExtractRARAction.appex; sourceTree = BUILT_PRODUCTS_DIR; };
		200000000000000000000016 /* Localizable.xcstrings */ = {isa = PBXFileReference; lastKnownFileType = text.json.xcstrings; path = Localizable.xcstrings; sourceTree = "<group>"; };
		200000000000000000000017 /* InfoPlist.xcstrings */ = {isa = PBXFileReference; lastKnownFileType = text.json.xcstrings; path = InfoPlist.xcstrings; sourceTree = "<group>"; };
		200000000000000000000018 /* App InfoPlist.xcstrings */ = {isa = PBXFileReference; lastKnownFileType = text.json.xcstrings; path = InfoPlist.xcstrings; sourceTree = "<group>"; };
		200000000000000000000019 /* Assets.xcassets */ = {isa = PBXFileReference; lastKnownFileType = folder.assetcatalog; path = Assets.xcassets; sourceTree = "<group>"; };
/* End PBXFileReference section */

/* Begin PBXFrameworksBuildPhase section */
		600000000000000000000002 /* App Frameworks */ = {isa = PBXFrameworksBuildPhase; buildActionMask = 2147483647; files = (100000000000000000000013 /* Sparkle in Frameworks */, ); runOnlyForDeploymentPostprocessing = 0; };
		600000000000000000000007 /* Worker Frameworks */ = {isa = PBXFrameworksBuildPhase; buildActionMask = 2147483647; files = (); runOnlyForDeploymentPostprocessing = 0; };
		60000000000000000000000B /* Action Frameworks */ = {isa = PBXFrameworksBuildPhase; buildActionMask = 2147483647; files = (); runOnlyForDeploymentPostprocessing = 0; };
/* End PBXFrameworksBuildPhase section */

/* Begin PBXGroup section */
		700000000000000000000001 = {
			isa = PBXGroup;
			children = (
				700000000000000000000002 /* RARApp */,
				700000000000000000000008 /* ExtractRARAction */,
				700000000000000000000003 /* ArchiveWorker */,
				700000000000000000000004 /* Shared */,
				700000000000000000000005 /* UnRARBridge */,
				700000000000000000000006 /* Vendor */,
				700000000000000000000007 /* Products */,
			);
			sourceTree = "<group>";
		};
		700000000000000000000002 /* RARApp */ = {
			isa = PBXGroup;
			children = (200000000000000000000001, 200000000000000000000002, 200000000000000000000003, 20000000000000000000000E, 20000000000000000000000F, 200000000000000000000018, 200000000000000000000019, );
			path = RARApp;
			sourceTree = "<group>";
		};
		700000000000000000000003 /* ArchiveWorker */ = {
			isa = PBXGroup;
			children = (200000000000000000000005, 200000000000000000000006, 200000000000000000000007, 200000000000000000000010, 200000000000000000000011, );
			path = ArchiveWorker;
			sourceTree = "<group>";
		};
		700000000000000000000004 /* Shared */ = {
			isa = PBXGroup;
			children = (200000000000000000000004, 200000000000000000000016, );
			path = Shared;
			sourceTree = "<group>";
		};
		700000000000000000000005 /* UnRARBridge */ = {
			isa = PBXGroup;
			children = (200000000000000000000008, 200000000000000000000009, );
			path = Sources/UnRARBridge;
			sourceTree = "<group>";
		};
		700000000000000000000006 /* Vendor */ = {
			isa = PBXGroup;
			children = (20000000000000000000000A, 20000000000000000000000B, );
			path = Vendor/UnRAR;
			sourceTree = "<group>";
		};
		700000000000000000000007 /* Products */ = {
			isa = PBXGroup;
			children = (20000000000000000000000D, 200000000000000000000015, 20000000000000000000000C, );
			name = Products;
			sourceTree = "<group>";
		};
		700000000000000000000008 /* ExtractRARAction */ = {
			isa = PBXGroup;
			children = (200000000000000000000012, 200000000000000000000013, 200000000000000000000014, 200000000000000000000017, );
			path = ExtractRARAction;
			sourceTree = "<group>";
		};
/* End PBXGroup section */

/* Begin PBXNativeTarget section */
		500000000000000000000001 /* RARExtractor */ = {
			isa = PBXNativeTarget;
			buildConfigurationList = A00000000000000000000001 /* Build configuration list for RARExtractor */;
			buildPhases = (600000000000000000000001, 600000000000000000000002, 600000000000000000000003, 600000000000000000000004, 60000000000000000000000E, );
			buildRules = ();
			dependencies = (300000000000000000000002 /* ArchiveWorker dependency */, 300000000000000000000004 /* ExtractRARAction dependency */, );
			packageProductDependencies = (C00000000000000000000002 /* Sparkle */, );
			name = RARExtractor;
			productName = RARExtractor;
			productReference = 20000000000000000000000D /* RARExtractor.app */;
			productType = "com.apple.product-type.application";
		};
		500000000000000000000002 /* ArchiveWorker */ = {
			isa = PBXNativeTarget;
			buildConfigurationList = A00000000000000000000002 /* Build configuration list for ArchiveWorker */;
			buildPhases = (600000000000000000000009, 600000000000000000000006, 600000000000000000000007, 600000000000000000000008, );
			buildRules = ();
			dependencies = ();
			name = ArchiveWorker;
			productName = ArchiveWorker;
			productReference = 20000000000000000000000C /* ArchiveWorker.xpc */;
			productType = "com.apple.product-type.xpc-service";
		};
		500000000000000000000003 /* ExtractRARAction */ = {
			isa = PBXNativeTarget;
			buildConfigurationList = A00000000000000000000003 /* Build configuration list for ExtractRARAction */;
			buildPhases = (60000000000000000000000A, 60000000000000000000000B, 60000000000000000000000C, 60000000000000000000000D, );
			buildRules = ();
			dependencies = (300000000000000000000005 /* ArchiveWorker dependency for Action */, );
			name = ExtractRARAction;
			productName = ExtractRARAction;
			productReference = 200000000000000000000015 /* ExtractRARAction.appex */;
			productType = "com.apple.product-type.app-extension";
		};
/* End PBXNativeTarget section */

/* Begin PBXProject section */
		400000000000000000000001 /* Project object */ = {
			isa = PBXProject;
			attributes = {
				BuildIndependentTargetsInParallel = 1;
				LastSwiftUpdateCheck = 2660;
				LastUpgradeCheck = 2660;
				TargetAttributes = {
					500000000000000000000001 = {CreatedOnToolsVersion = 26.6; };
					500000000000000000000002 = {CreatedOnToolsVersion = 26.6; };
					500000000000000000000003 = {CreatedOnToolsVersion = 26.6; };
				};
			};
			buildConfigurationList = A00000000000000000000000 /* Build configuration list for project */;
			compatibilityVersion = "Xcode 16.0";
			developmentRegion = zh_TW;
			hasScannedForEncodings = 0;
			knownRegions = (Base, en, "zh-Hant", );
			mainGroup = 700000000000000000000001;
			productRefGroup = 700000000000000000000007 /* Products */;
			packageReferences = (C00000000000000000000001 /* Sparkle */, );
			projectDirPath = "";
			projectRoot = "";
			targets = (500000000000000000000001, 500000000000000000000003, 500000000000000000000002, );
		};
/* End PBXProject section */

/* Begin PBXResourcesBuildPhase section */
		600000000000000000000003 /* App Resources */ = {isa = PBXResourcesBuildPhase; buildActionMask = 2147483647; files = (10000000000000000000000B /* license.txt in Resources */, 10000000000000000000000E /* Localizable.xcstrings in App Resources */, 100000000000000000000011 /* InfoPlist.xcstrings in App Resources */, 100000000000000000000012 /* Assets.xcassets in Resources */, ); runOnlyForDeploymentPostprocessing = 0; };
		600000000000000000000008 /* Worker Resources */ = {isa = PBXResourcesBuildPhase; buildActionMask = 2147483647; files = (); runOnlyForDeploymentPostprocessing = 0; };
		60000000000000000000000C /* Action Resources */ = {isa = PBXResourcesBuildPhase; buildActionMask = 2147483647; files = (10000000000000000000000F /* Localizable.xcstrings in Action Resources */, 100000000000000000000010 /* InfoPlist.xcstrings in Action Resources */, ); runOnlyForDeploymentPostprocessing = 0; };
/* End PBXResourcesBuildPhase section */

/* Begin PBXShellScriptBuildPhase section */
		600000000000000000000004 /* Embed XPC Services */ = {
			isa = PBXShellScriptBuildPhase;
			alwaysOutOfDate = 1;
			buildActionMask = 2147483647;
			files = ();
			inputPaths = ("$(BUILT_PRODUCTS_DIR)/ArchiveWorker.xpc", );
			name = "Embed XPC Services";
			outputPaths = ("$(TARGET_BUILD_DIR)/$(CONTENTS_FOLDER_PATH)/XPCServices/ArchiveWorker.xpc", );
			runOnlyForDeploymentPostprocessing = 0;
			shellPath = /bin/sh;
			shellScript = "destination_directory=\"$TARGET_BUILD_DIR/$CONTENTS_FOLDER_PATH/XPCServices\"\ndestination=\"$destination_directory/ArchiveWorker.xpc\"\n/bin/rm -rf \"$destination\"\n/bin/mkdir -p \"$destination_directory\"\n/usr/bin/ditto \"$BUILT_PRODUCTS_DIR/ArchiveWorker.xpc\" \"$destination\"\n";
		};
		600000000000000000000009 /* Build UnRAR */ = {
			isa = PBXShellScriptBuildPhase;
			buildActionMask = 2147483647;
			files = ();
			inputPaths = ("$(SRCROOT)/Vendor/UnRAR/makefile", );
			name = "Build UnRAR";
			outputPaths = ("$(SRCROOT)/Vendor/UnRAR/libunrar.a", );
			runOnlyForDeploymentPostprocessing = 0;
			shellPath = /bin/sh;
			shellScript = "make -C \"$SRCROOT/Vendor/UnRAR\" -f makefile lib CXX=\"$(xcrun -f clang++) -arch arm64 -isysroot $SDKROOT -mmacosx-version-min=$MACOSX_DEPLOYMENT_TARGET\" AR=\"$(xcrun -f ar)\" STRIP=\"$(xcrun -f strip)\"\n";
		};
		60000000000000000000000D /* Embed XPC Service in Action */ = {
			isa = PBXShellScriptBuildPhase;
			alwaysOutOfDate = 1;
			buildActionMask = 2147483647;
			files = ();
			inputPaths = ("$(BUILT_PRODUCTS_DIR)/ArchiveWorker.xpc", );
			name = "Embed XPC Service in Action";
			outputPaths = ("$(TARGET_BUILD_DIR)/$(CONTENTS_FOLDER_PATH)/XPCServices/ArchiveWorker.xpc", );
			runOnlyForDeploymentPostprocessing = 0;
			shellPath = /bin/sh;
			shellScript = "destination_directory=\"$TARGET_BUILD_DIR/$CONTENTS_FOLDER_PATH/XPCServices\"\ndestination=\"$destination_directory/ArchiveWorker.xpc\"\n/bin/rm -rf \"$destination\"\n/bin/mkdir -p \"$destination_directory\"\n/usr/bin/ditto \"$BUILT_PRODUCTS_DIR/ArchiveWorker.xpc\" \"$destination\"\n";
		};
		60000000000000000000000E /* Embed Action Extension */ = {
			isa = PBXShellScriptBuildPhase;
			alwaysOutOfDate = 1;
			buildActionMask = 2147483647;
			files = ();
			inputPaths = ("$(BUILT_PRODUCTS_DIR)/ExtractRARAction.appex", );
			name = "Embed Action Extension";
			outputPaths = ("$(TARGET_BUILD_DIR)/$(CONTENTS_FOLDER_PATH)/PlugIns/ExtractRARAction.appex", );
			runOnlyForDeploymentPostprocessing = 0;
			shellPath = /bin/sh;
			shellScript = "destination_directory=\"$TARGET_BUILD_DIR/$CONTENTS_FOLDER_PATH/PlugIns\"\ndestination=\"$destination_directory/ExtractRARAction.appex\"\n/bin/rm -rf \"$destination\"\n/bin/mkdir -p \"$destination_directory\"\n/usr/bin/ditto \"$BUILT_PRODUCTS_DIR/ExtractRARAction.appex\" \"$destination\"\n";
		};
/* End PBXShellScriptBuildPhase section */

/* Begin PBXSourcesBuildPhase section */
		600000000000000000000001 /* App Sources */ = {isa = PBXSourcesBuildPhase; buildActionMask = 2147483647; files = (100000000000000000000001, 100000000000000000000002, 100000000000000000000003, 100000000000000000000004, ); runOnlyForDeploymentPostprocessing = 0; };
		600000000000000000000006 /* Worker Sources */ = {isa = PBXSourcesBuildPhase; buildActionMask = 2147483647; files = (100000000000000000000005, 100000000000000000000006, 100000000000000000000007, 100000000000000000000008, ); runOnlyForDeploymentPostprocessing = 0; };
		60000000000000000000000A /* Action Sources */ = {isa = PBXSourcesBuildPhase; buildActionMask = 2147483647; files = (10000000000000000000000C, 10000000000000000000000D, ); runOnlyForDeploymentPostprocessing = 0; };
/* End PBXSourcesBuildPhase section */

/* Begin PBXTargetDependency section */
		300000000000000000000002 /* ArchiveWorker dependency */ = {isa = PBXTargetDependency; target = 500000000000000000000002 /* ArchiveWorker */; targetProxy = 300000000000000000000001 /* PBXContainerItemProxy */; };
		300000000000000000000004 /* ExtractRARAction dependency */ = {isa = PBXTargetDependency; target = 500000000000000000000003 /* ExtractRARAction */; targetProxy = 300000000000000000000010 /* ExtractRARAction proxy */; };
		300000000000000000000005 /* ArchiveWorker dependency for Action */ = {isa = PBXTargetDependency; target = 500000000000000000000002 /* ArchiveWorker */; targetProxy = 300000000000000000000011 /* ArchiveWorker proxy for Action */; };
/* End PBXTargetDependency section */

/* Begin XCBuildConfiguration section */
		B00000000000000000000001 /* Project Debug */ = {isa = XCBuildConfiguration; buildSettings = {ARCHS = arm64; CLANG_ENABLE_MODULES = YES; CLANG_ENABLE_OBJC_ARC = YES; MACOSX_DEPLOYMENT_TARGET = 14.0; ONLY_ACTIVE_ARCH = YES; SDKROOT = macosx; SWIFT_VERSION = 5.0; }; name = Debug; };
		B00000000000000000000002 /* Project Release */ = {isa = XCBuildConfiguration; buildSettings = {ARCHS = arm64; CLANG_ENABLE_MODULES = YES; CLANG_ENABLE_OBJC_ARC = YES; MACOSX_DEPLOYMENT_TARGET = 14.0; SDKROOT = macosx; SWIFT_COMPILATION_MODE = wholemodule; SWIFT_OPTIMIZATION_LEVEL = "-O"; SWIFT_VERSION = 5.0; }; name = Release; };
		B00000000000000000000003 /* App Debug */ = {isa = XCBuildConfiguration; buildSettings = {ASSETCATALOG_COMPILER_APPICON_NAME = AppIcon; CODE_SIGN_IDENTITY = "-"; CODE_SIGN_STYLE = Manual; COMBINE_HIDPI_IMAGES = YES; ENABLE_APP_SANDBOX = NO; ENABLE_HARDENED_RUNTIME = YES; GENERATE_INFOPLIST_FILE = NO; INFOPLIST_FILE = RARApp/Info.plist; LD_RUNPATH_SEARCH_PATHS = "$(inherited) @executable_path/../Frameworks"; PRODUCT_BUNDLE_IDENTIFIER = app.rarextractor; PRODUCT_NAME = "$(TARGET_NAME)"; SWIFT_ACTIVE_COMPILATION_CONDITIONS = "$(inherited) DEBUG"; }; name = Debug; };
		B00000000000000000000004 /* App Release */ = {isa = XCBuildConfiguration; buildSettings = {ASSETCATALOG_COMPILER_APPICON_NAME = AppIcon; CODE_SIGN_IDENTITY = "-"; CODE_SIGN_STYLE = Manual; COMBINE_HIDPI_IMAGES = YES; ENABLE_APP_SANDBOX = NO; ENABLE_HARDENED_RUNTIME = YES; GENERATE_INFOPLIST_FILE = NO; INFOPLIST_FILE = RARApp/Info.plist; LD_RUNPATH_SEARCH_PATHS = "$(inherited) @executable_path/../Frameworks"; PRODUCT_BUNDLE_IDENTIFIER = app.rarextractor; PRODUCT_NAME = "$(TARGET_NAME)"; }; name = Release; };
		B00000000000000000000005 /* Worker Debug */ = {isa = XCBuildConfiguration; buildSettings = {CLANG_CXX_LANGUAGE_STANDARD = "c++17"; CODE_SIGN_IDENTITY = "-"; CODE_SIGN_STYLE = Manual; ENABLE_APP_SANDBOX = NO; ENABLE_HARDENED_RUNTIME = YES; GCC_PREPROCESSOR_DEFINITIONS = "$(inherited) _UNIX"; GENERATE_INFOPLIST_FILE = NO; HEADER_SEARCH_PATHS = "$(inherited) $(SRCROOT)/Sources/UnRARBridge/include $(SRCROOT)/Vendor/UnRAR"; INFOPLIST_FILE = ArchiveWorker/Info.plist; LD_RUNPATH_SEARCH_PATHS = "$(inherited) @executable_path/../Frameworks"; OTHER_LDFLAGS = "$(inherited) -pthread $(SRCROOT)/Vendor/UnRAR/libunrar.a"; PRODUCT_BUNDLE_IDENTIFIER = app.rarextractor.ArchiveWorker; PRODUCT_NAME = "$(TARGET_NAME)"; SKIP_INSTALL = YES; SWIFT_OBJC_BRIDGING_HEADER = ArchiveWorker/ArchiveWorker-Bridging-Header.h; }; name = Debug; };
		B00000000000000000000006 /* Worker Release */ = {isa = XCBuildConfiguration; buildSettings = {CLANG_CXX_LANGUAGE_STANDARD = "c++17"; CODE_SIGN_IDENTITY = "-"; CODE_SIGN_STYLE = Manual; ENABLE_APP_SANDBOX = NO; ENABLE_HARDENED_RUNTIME = YES; GCC_PREPROCESSOR_DEFINITIONS = "$(inherited) _UNIX"; GENERATE_INFOPLIST_FILE = NO; HEADER_SEARCH_PATHS = "$(inherited) $(SRCROOT)/Sources/UnRARBridge/include $(SRCROOT)/Vendor/UnRAR"; INFOPLIST_FILE = ArchiveWorker/Info.plist; LD_RUNPATH_SEARCH_PATHS = "$(inherited) @executable_path/../Frameworks"; OTHER_LDFLAGS = "$(inherited) -pthread $(SRCROOT)/Vendor/UnRAR/libunrar.a"; PRODUCT_BUNDLE_IDENTIFIER = app.rarextractor.ArchiveWorker; PRODUCT_NAME = "$(TARGET_NAME)"; SKIP_INSTALL = YES; SWIFT_OBJC_BRIDGING_HEADER = ArchiveWorker/ArchiveWorker-Bridging-Header.h; }; name = Release; };
		B00000000000000000000007 /* Action Debug */ = {isa = XCBuildConfiguration; buildSettings = {APPLICATION_EXTENSION_API_ONLY = YES; CODE_SIGN_ENTITLEMENTS = ExtractRARAction/ExtractRARAction.entitlements; CODE_SIGN_IDENTITY = "-"; CODE_SIGN_STYLE = Manual; COMBINE_HIDPI_IMAGES = YES; ENABLE_APP_SANDBOX = YES; ENABLE_HARDENED_RUNTIME = YES; GENERATE_INFOPLIST_FILE = NO; INFOPLIST_FILE = ExtractRARAction/Info.plist; LD_RUNPATH_SEARCH_PATHS = "$(inherited) @executable_path/../Frameworks @executable_path/../../../../Frameworks"; PRODUCT_BUNDLE_IDENTIFIER = app.rarextractor.ExtractRARAction; PRODUCT_NAME = "$(TARGET_NAME)"; SKIP_INSTALL = YES; SWIFT_ACTIVE_COMPILATION_CONDITIONS = "$(inherited) DEBUG"; }; name = Debug; };
		B00000000000000000000008 /* Action Release */ = {isa = XCBuildConfiguration; buildSettings = {APPLICATION_EXTENSION_API_ONLY = YES; CODE_SIGN_ENTITLEMENTS = ExtractRARAction/ExtractRARAction.entitlements; CODE_SIGN_IDENTITY = "-"; CODE_SIGN_STYLE = Manual; COMBINE_HIDPI_IMAGES = YES; ENABLE_APP_SANDBOX = YES; ENABLE_HARDENED_RUNTIME = YES; GENERATE_INFOPLIST_FILE = NO; INFOPLIST_FILE = ExtractRARAction/Info.plist; LD_RUNPATH_SEARCH_PATHS = "$(inherited) @executable_path/../Frameworks @executable_path/../../../../Frameworks"; PRODUCT_BUNDLE_IDENTIFIER = app.rarextractor.ExtractRARAction; PRODUCT_NAME = "$(TARGET_NAME)"; SKIP_INSTALL = YES; }; name = Release; };
/* End XCBuildConfiguration section */

/* Begin XCRemoteSwiftPackageReference section */
		C00000000000000000000001 /* Sparkle */ = {
			isa = XCRemoteSwiftPackageReference;
			repositoryURL = "https://github.com/sparkle-project/Sparkle";
			requirement = {kind = upToNextMajorVersion; minimumVersion = 2.9.6; };
		};
/* End XCRemoteSwiftPackageReference section */

/* Begin XCSwiftPackageProductDependency section */
		C00000000000000000000002 /* Sparkle */ = {
			isa = XCSwiftPackageProductDependency;
			package = C00000000000000000000001 /* Sparkle */;
			productName = Sparkle;
		};
/* End XCSwiftPackageProductDependency section */

/* Begin XCConfigurationList section */
		A00000000000000000000000 /* Build configuration list for project */ = {isa = XCConfigurationList; buildConfigurations = (B00000000000000000000001, B00000000000000000000002, ); defaultConfigurationIsVisible = 0; defaultConfigurationName = Release; };
		A00000000000000000000001 /* Build configuration list for RARExtractor */ = {isa = XCConfigurationList; buildConfigurations = (B00000000000000000000003, B00000000000000000000004, ); defaultConfigurationIsVisible = 0; defaultConfigurationName = Release; };
		A00000000000000000000002 /* Build configuration list for ArchiveWorker */ = {isa = XCConfigurationList; buildConfigurations = (B00000000000000000000005, B00000000000000000000006, ); defaultConfigurationIsVisible = 0; defaultConfigurationName = Release; };
		A00000000000000000000003 /* Build configuration list for ExtractRARAction */ = {isa = XCConfigurationList; buildConfigurations = (B00000000000000000000007, B00000000000000000000008, ); defaultConfigurationIsVisible = 0; defaultConfigurationName = Release; };
/* End XCConfigurationList section */
	};
	rootObject = 400000000000000000000001 /* Project object */;
}
